
Microsoft Visual Studio Solution File, Format Version 12.00
# Visual Studio 14
VisualStudioVersion = 14.0.25420.1
MinimumVisualStudioVersion = 10.0.40219.1
Project("{FAE04EC0-301F-11D3-BF4B-00C04F79EFBC}") = "NeronUPdaterClient_FW2.0", "NeronUPdaterClient_FW2.0\NeronUPdaterClient_FW2.0.csproj", "{7BB10E3B-AB7C-4AEE-BC10-9B989D8529D2}"
EndProject
Global
	GlobalSection(SolutionConfigurationPlatforms) = preSolution
		Debug|Any CPU = Debug|Any CPU
		Release|Any CPU = Release|Any CPU
	EndGlobalSection
	GlobalSection(ProjectConfigurationPlatforms) = postSolution
		{7BB10E3B-AB7C-4AEE-BC10-9B989D8529D2}.Debug|Any CPU.ActiveCfg = Debug|Any CPU
		{7BB10E3B-AB7C-4AEE-BC10-9B989D8529D2}.Debug|Any CPU.Build.0 = Debug|Any CPU
		{7BB10E3B-AB7C-4AEE-BC10-9B989D8529D2}.Release|Any CPU.ActiveCfg = Release|Any CPU
		{7BB10E3B-AB7C-4AEE-BC10-9B989D8529D2}.Release|Any CPU.Build.0 = Release|Any CPU
	EndGlobalSection
	GlobalSection(SolutionProperties) = preSolution
		HideSolutionNode = FALSE
	EndGlobalSection
EndGlobal
